// !$*UTF8*$!
{
	archiveVersion = 1;
	classes = {
	};
	objectVersion = 77;
	objects = {

/* Begin PBXBuildFile section */
		A10000013050000100000001 /* LLMCore in Frameworks */ = {isa = PBXBuildFile; productRef = A10000053050000100000001 /* LLMCore */; };
		A10000023050000100000001 /* PrivateAITools in Frameworks */ = {isa = PBXBuildFile; productRef = A10000063050000100000001 /* PrivateAITools */; };
		A20000013090400100000001 /* PrivateAIExecutionWorkerMain.swift in Sources */ = {isa = PBXBuildFile; fileRef = A20000063090400100000001 /* PrivateAIExecutionWorkerMain.swift */; };
		A20000023090400100000001 /* ExecutionKit in Frameworks */ = {isa = PBXBuildFile; productRef = A20000113090400100000001 /* ExecutionKit */; };
		A20000033090400100000001 /* PrivateAIExecutionWorker in Embed Execution Worker */ = {isa = PBXBuildFile; fileRef = A20000053090400100000001 /* PrivateAIExecutionWorker */; settings = {ATTRIBUTES = (CodeSignOnCopy, ); }; };
/* End PBXBuildFile section */

/* Begin PBXContainerItemProxy section */
		16E0DAD230430AAB0087199D /* PBXContainerItemProxy */ = {
			isa = PBXContainerItemProxy;
			containerPortal = 16E0DABA30430AAA0087199D /* Project object */;
			proxyType = 1;
			remoteGlobalIDString = 16E0DAC130430AAA0087199D;
			remoteInfo = "Private AI";
		};
		16E0DADC30430AAB0087199D /* PBXContainerItemProxy */ = {
			isa = PBXContainerItemProxy;
			containerPortal = 16E0DABA30430AAA0087199D /* Project object */;
			proxyType = 1;
			remoteGlobalIDString = 16E0DAC130430AAA0087199D;
			remoteInfo = "Private AI";
		};
		A20000043090400100000001 /* PBXContainerItemProxy */ = {
			isa = PBXContainerItemProxy;
			containerPortal = 16E0DABA30430AAA0087199D /* Project object */;
			proxyType = 1;
			remoteGlobalIDString = A200000A3090400100000001;
			remoteInfo = PrivateAIExecutionWorker;
		};
/* End PBXContainerItemProxy section */

/* Begin PBXCopyFilesBuildPhase section */
		A200000C3090400100000001 /* Embed Execution Worker */ = {
			isa = PBXCopyFilesBuildPhase;
			buildActionMask = 2147483647;
			dstPath = "";
			dstSubfolderSpec = 6;
			files = (
				A20000033090400100000001 /* PrivateAIExecutionWorker in Embed Execution Worker */,
			);
			name = "Embed Execution Worker";
			runOnlyForDeploymentPostprocessing = 0;
		};
/* End PBXCopyFilesBuildPhase section */

/* Begin PBXFileReference section */
		16E0DAC230430AAA0087199D /* Private AI.app */ = {isa = PBXFileReference; explicitFileType = wrapper.application; includeInIndex = 0; path = "Private AI.app"; sourceTree = BUILT_PRODUCTS_DIR; };
		16E0DAD130430AAB0087199D /* Private AITests.xctest */ = {isa = PBXFileReference; explicitFileType = wrapper.cfbundle; includeInIndex = 0; path = "Private AITests.xctest"; sourceTree = BUILT_PRODUCTS_DIR; };
		16E0DADB30430AAB0087199D /* Private AIUITests.xctest */ = {isa = PBXFileReference; explicitFileType = wrapper.cfbundle; includeInIndex = 0; path = "Private AIUITests.xctest"; sourceTree = BUILT_PRODUCTS_DIR; };
		A20000053090400100000001 /* PrivateAIExecutionWorker */ = {isa = PBXFileReference; explicitFileType = "compiled.mach-o.executable"; includeInIndex = 0; path = PrivateAIExecutionWorker; sourceTree = BUILT_PRODUCTS_DIR; };
		A20000063090400100000001 /* PrivateAIExecutionWorkerMain.swift */ = {isa = PBXFileReference; lastKnownFileType = sourcecode.swift; path = PrivateAIExecutionWorkerMain.swift; sourceTree = "<group>"; };
/* End PBXFileReference section */

/* Begin PBXFileSystemSynchronizedRootGroup section */
		16E0DAC430430AAA0087199D /* Private AI */ = {
			isa = PBXFileSystemSynchronizedRootGroup;
			path = "Private AI";
			sourceTree = "<group>";
		};
		16E0DAD430430AAB0087199D /* Private AITests */ = {
			isa = PBXFileSystemSynchronizedRootGroup;
			path = "Private AITests";
			sourceTree = "<group>";
		};
		16E0DADE30430AAB0087199D /* Private AIUITests */ = {
			isa = PBXFileSystemSynchronizedRootGroup;
			path = "Private AIUITests";
			sourceTree = "<group>";
		};
/* End PBXFileSystemSynchronizedRootGroup section */

/* Begin PBXFrameworksBuildPhase section */
		16E0DABF30430AAA0087199D /* Frameworks */ = {
			isa = PBXFrameworksBuildPhase;
			buildActionMask = 2147483647;
			files = (
				A10000013050000100000001 /* LLMCore in Frameworks */,
				A10000023050000100000001 /* PrivateAITools in Frameworks */,
			);
			runOnlyForDeploymentPostprocessing = 0;
		};
		16E0DACE30430AAB0087199D /* Frameworks */ = {
			isa = PBXFrameworksBuildPhase;
			buildActionMask = 2147483647;
			files = (
			);
			runOnlyForDeploymentPostprocessing = 0;
		};
		16E0DAD830430AAB0087199D /* Frameworks */ = {
			isa = PBXFrameworksBuildPhase;
			buildActionMask = 2147483647;
			files = (
			);
			runOnlyForDeploymentPostprocessing = 0;
		};
		A20000083090400100000001 /* Frameworks */ = {
			isa = PBXFrameworksBuildPhase;
			buildActionMask = 2147483647;
			files = (
				A20000023090400100000001 /* ExecutionKit in Frameworks */,
			);
			runOnlyForDeploymentPostprocessing = 0;
		};
/* End PBXFrameworksBuildPhase section */

/* Begin PBXGroup section */
		16E0DAB930430AAA0087199D = {
			isa = PBXGroup;
			children = (
				16E0DAC430430AAA0087199D /* Private AI */,
				A20000073090400100000001 /* Execution Worker */,
				16E0DAD430430AAB0087199D /* Private AITests */,
				16E0DADE30430AAB0087199D /* Private AIUITests */,
				16E0DAC330430AAA0087199D /* Products */,
			);
			sourceTree = "<group>";
		};
		16E0DAC330430AAA0087199D /* Products */ = {
			isa = PBXGroup;
			children = (
				16E0DAC230430AAA0087199D /* Private AI.app */,
				A20000053090400100000001 /* PrivateAIExecutionWorker */,
				16E0DAD130430AAB0087199D /* Private AITests.xctest */,
				16E0DADB30430AAB0087199D /* Private AIUITests.xctest */,
			);
			name = Products;
			sourceTree = "<group>";
		};
		A20000073090400100000001 /* Execution Worker */ = {
			isa = PBXGroup;
			children = (
				A20000063090400100000001 /* PrivateAIExecutionWorkerMain.swift */,
			);
			path = "Execution Worker";
			sourceTree = "<group>";
		};
/* End PBXGroup section */

/* Begin PBXNativeTarget section */
		16E0DAC130430AAA0087199D /* Private AI */ = {
			isa = PBXNativeTarget;
			buildConfigurationList = 16E0DAE530430AAB0087199D /* Build configuration list for PBXNativeTarget "Private AI" */;
			buildPhases = (
				16E0DABE30430AAA0087199D /* Sources */,
				16E0DABF30430AAA0087199D /* Frameworks */,
				16E0DAC030430AAA0087199D /* Resources */,
				A200000C3090400100000001 /* Embed Execution Worker */,
			);
			buildRules = (
			);
			dependencies = (
				A200000B3090400100000001 /* PBXTargetDependency */,
			);
			fileSystemSynchronizedGroups = (
				16E0DAC430430AAA0087199D /* Private AI */,
			);
			name = "Private AI";
			packageProductDependencies = (
				A10000053050000100000001 /* LLMCore */,
				A10000063050000100000001 /* PrivateAITools */,
			);
			productName = "Private AI";
			productReference = 16E0DAC230430AAA0087199D /* Private AI.app */;
			productType = "com.apple.product-type.application";
		};
		16E0DAD030430AAB0087199D /* Private AITests */ = {
			isa = PBXNativeTarget;
			buildConfigurationList = 16E0DAE830430AAB0087199D /* Build configuration list for PBXNativeTarget "Private AITests" */;
			buildPhases = (
				16E0DACD30430AAB0087199D /* Sources */,
				16E0DACE30430AAB0087199D /* Frameworks */,
				16E0DACF30430AAB0087199D /* Resources */,
			);
			buildRules = (
			);
			dependencies = (
				16E0DAD330430AAB0087199D /* PBXTargetDependency */,
			);
			fileSystemSynchronizedGroups = (
				16E0DAD430430AAB0087199D /* Private AITests */,
			);
			name = "Private AITests";
			packageProductDependencies = (
			);
			productName = "Private AITests";
			productReference = 16E0DAD130430AAB0087199D /* Private AITests.xctest */;
			productType = "com.apple.product-type.bundle.unit-test";
		};
		16E0DADA30430AAB0087199D /* Private AIUITests */ = {
			isa = PBXNativeTarget;
			buildConfigurationList = 16E0DAEB30430AAB0087199D /* Build configuration list for PBXNativeTarget "Private AIUITests" */;
			buildPhases = (
				16E0DAD730430AAB0087199D /* Sources */,
				16E0DAD830430AAB0087199D /* Frameworks */,
				16E0DAD930430AAB0087199D /* Resources */,
			);
			buildRules = (
			);
			dependencies = (
				16E0DADD30430AAB0087199D /* PBXTargetDependency */,
			);
			fileSystemSynchronizedGroups = (
				16E0DADE30430AAB0087199D /* Private AIUITests */,
			);
			name = "Private AIUITests";
			packageProductDependencies = (
			);
			productName = "Private AIUITests";
			productReference = 16E0DADB30430AAB0087199D /* Private AIUITests.xctest */;
			productType = "com.apple.product-type.bundle.ui-testing";
		};
		A200000A3090400100000001 /* PrivateAIExecutionWorker */ = {
			isa = PBXNativeTarget;
			buildConfigurationList = A200000F3090400100000001 /* Build configuration list for PBXNativeTarget "PrivateAIExecutionWorker" */;
			buildPhases = (
				A20000093090400100000001 /* Sources */,
				A20000083090400100000001 /* Frameworks */,
			);
			buildRules = (
			);
			dependencies = (
			);
			name = PrivateAIExecutionWorker;
			packageProductDependencies = (
				A20000113090400100000001 /* ExecutionKit */,
			);
			productName = PrivateAIExecutionWorker;
			productReference = A20000053090400100000001 /* PrivateAIExecutionWorker */;
			productType = "com.apple.product-type.tool";
		};
/* End PBXNativeTarget section */

/* Begin PBXProject section */
		16E0DABA30430AAA0087199D /* Project object */ = {
			isa = PBXProject;
			attributes = {
				BuildIndependentTargetsInParallel = 1;
				LastSwiftUpdateCheck = 2660;
				LastUpgradeCheck = 2660;
				TargetAttributes = {
					16E0DAC130430AAA0087199D = {
						CreatedOnToolsVersion = 26.6;
					};
					16E0DAD030430AAB0087199D = {
						CreatedOnToolsVersion = 26.6;
						TestTargetID = 16E0DAC130430AAA0087199D;
					};
					16E0DADA30430AAB0087199D = {
						CreatedOnToolsVersion = 26.6;
						TestTargetID = 16E0DAC130430AAA0087199D;
					};
					A200000A3090400100000001 = {
						CreatedOnToolsVersion = 26.6;
					};
				};
			};
			buildConfigurationList = 16E0DABD30430AAA0087199D /* Build configuration list for PBXProject "Private AI" */;
			developmentRegion = en;
			hasScannedForEncodings = 0;
			knownRegions = (
				en,
				Base,
			);
			mainGroup = 16E0DAB930430AAA0087199D;
			minimizedProjectReferenceProxies = 1;
			packageReferences = (
				A10000033050000100000001 /* XCLocalSwiftPackageReference "../Packages/LLMCore" */,
				A10000043050000100000001 /* XCLocalSwiftPackageReference "../Packages/PrivateAITools" */,
				A20000103090400100000001 /* XCLocalSwiftPackageReference "../Packages/ExecutionKit" */,
			);
			preferredProjectObjectVersion = 77;
			productRefGroup = 16E0DAC330430AAA0087199D /* Products */;
			projectDirPath = "";
			projectRoot = "";
			targets = (
				16E0DAC130430AAA0087199D /* Private AI */,
				A200000A3090400100000001 /* PrivateAIExecutionWorker */,
				16E0DAD030430AAB0087199D /* Private AITests */,
				16E0DADA30430AAB0087199D /* Private AIUITests */,
			);
		};
/* End PBXProject section */

/* Begin PBXResourcesBuildPhase section */
		16E0DAC030430AAA0087199D /* Resources */ = {
			isa = PBXResourcesBuildPhase;
			buildActionMask = 2147483647;
			files = (
			);
			runOnlyForDeploymentPostprocessing = 0;
		};
		16E0DACF30430AAB0087199D /* Resources */ = {
			isa = PBXResourcesBuildPhase;
			buildActionMask = 2147483647;
			files = (
			);
			runOnlyForDeploymentPostprocessing = 0;
		};
		16E0DAD930430AAB0087199D /* Resources */ = {
			isa = PBXResourcesBuildPhase;
			buildActionMask = 2147483647;
			files = (
			);
			runOnlyForDeploymentPostprocessing = 0;
		};
/* End PBXResourcesBuildPhase section */

/* Begin PBXSourcesBuildPhase section */
		16E0DABE30430AAA0087199D /* Sources */ = {
			isa = PBXSourcesBuildPhase;
			buildActionMask = 2147483647;
			files = (
			);
			runOnlyForDeploymentPostprocessing = 0;
		};
		16E0DACD30430AAB0087199D /* Sources */ = {
			isa = PBXSourcesBuildPhase;
			buildActionMask = 2147483647;
			files = (
			);
			runOnlyForDeploymentPostprocessing = 0;
		};
		16E0DAD730430AAB0087199D /* Sources */ = {
			isa = PBXSourcesBuildPhase;
			buildActionMask = 2147483647;
			files = (
			);
			runOnlyForDeploymentPostprocessing = 0;
		};
		A20000093090400100000001 /* Sources */ = {
			isa = PBXSourcesBuildPhase;
			buildActionMask = 2147483647;
			files = (
				A20000013090400100000001 /* PrivateAIExecutionWorkerMain.swift in Sources */,
			);
			runOnlyForDeploymentPostprocessing = 0;
		};
/* End PBXSourcesBuildPhase section */

/* Begin PBXTargetDependency section */
		16E0DAD330430AAB0087199D /* PBXTargetDependency */ = {
			isa = PBXTargetDependency;
			target = 16E0DAC130430AAA0087199D /* Private AI */;
			targetProxy = 16E0DAD230430AAB0087199D /* PBXContainerItemProxy */;
		};
		16E0DADD30430AAB0087199D /* PBXTargetDependency */ = {
			isa = PBXTargetDependency;
			target = 16E0DAC130430AAA0087199D /* Private AI */;
			targetProxy = 16E0DADC30430AAB0087199D /* PBXContainerItemProxy */;
		};
		A200000B3090400100000001 /* PBXTargetDependency */ = {
			isa = PBXTargetDependency;
			target = A200000A3090400100000001 /* PrivateAIExecutionWorker */;
			targetProxy = A20000043090400100000001 /* PBXContainerItemProxy */;
		};
/* End PBXTargetDependency section */

/* Begin XCBuildConfiguration section */
		16E0DAE330430AAB0087199D /* Debug */ = {
			isa = XCBuildConfiguration;
			buildSettings = {
				ALWAYS_SEARCH_USER_PATHS = NO;
				ASSETCATALOG_COMPILER_GENERATE_SWIFT_ASSET_SYMBOL_EXTENSIONS = YES;
				CLANG_ANALYZER_NONNULL = YES;
				CLANG_ANALYZER_NUMBER_OBJECT_CONVERSION = YES_AGGRESSIVE;
				CLANG_CXX_LANGUAGE_STANDARD = "gnu++20";
				CLANG_ENABLE_MODULES = YES;
				CLANG_ENABLE_OBJC_ARC = YES;
				CLANG_ENABLE_OBJC_WEAK = YES;
				CLANG_WARN_BLOCK_CAPTURE_AUTORELEASING = YES;
				CLANG_WARN_BOOL_CONVERSION = YES;
				CLANG_WARN_COMMA = YES;
				CLANG_WARN_CONSTANT_CONVERSION = YES;
				CLANG_WARN_DEPRECATED_OBJC_IMPLEMENTATIONS = YES;
				CLANG_WARN_DIRECT_OBJC_ISA_USAGE = YES_ERROR;
				CLANG_WARN_DOCUMENTATION_COMMENTS = YES;
				CLANG_WARN_EMPTY_BODY = YES;
				CLANG_WARN_ENUM_CONVERSION = YES;
				CLANG_WARN_INFINITE_RECURSION = YES;
				CLANG_WARN_INT_CONVERSION = YES;
				CLANG_WARN_NON_LITERAL_NULL_CONVERSION = YES;
				CLANG_WARN_OBJC_IMPLICIT_RETAIN_SELF = YES;
				CLANG_WARN_OBJC_LITERAL_CONVERSION = YES;
				CLANG_WARN_OBJC_ROOT_CLASS = YES_ERROR;
				CLANG_WARN_QUOTED_INCLUDE_IN_FRAMEWORK_HEADER = YES;
				CLANG_WARN_RANGE_LOOP_ANALYSIS = YES;
				CLANG_WARN_STRICT_PROTOTYPES = YES;
				CLANG_WARN_SUSPICIOUS_MOVE = YES;
				CLANG_WARN_UNGUARDED_AVAILABILITY = YES_AGGRESSIVE;
				CLANG_WARN_UNREACHABLE_CODE = YES;
				CLANG_WARN__DUPLICATE_METHOD_MATCH = YES;
				COPY_PHASE_STRIP = NO;
				DEBUG_INFORMATION_FORMAT = dwarf;
				DEVELOPMENT_TEAM = WA29CC2SZR;
				ENABLE_STRICT_OBJC_MSGSEND = YES;
				ENABLE_TESTABILITY = YES;
				ENABLE_USER_SCRIPT_SANDBOXING = YES;
				GCC_C_LANGUAGE_STANDARD = gnu17;
				GCC_DYNAMIC_NO_PIC = NO;
				GCC_NO_COMMON_BLOCKS = YES;
				GCC_OPTIMIZATION_LEVEL = 0;
				GCC_PREPROCESSOR_DEFINITIONS = (
					"DEBUG=1",
					"$(inherited)",
				);
				GCC_WARN_64_TO_32_BIT_CONVERSION = YES;
				GCC_WARN_ABOUT_RETURN_TYPE = YES_ERROR;
				GCC_WARN_UNDECLARED_SELECTOR = YES;
				GCC_WARN_UNINITIALIZED_AUTOS = YES_AGGRESSIVE;
				GCC_WARN_UNUSED_FUNCTION = YES;
				GCC_WARN_UNUSED_VARIABLE = YES;
				LOCALIZATION_PREFERS_STRING_CATALOGS = YES;
				MACOSX_DEPLOYMENT_TARGET = 26.5;
				MTL_ENABLE_DEBUG_INFO = INCLUDE_SOURCE;
				MTL_FAST_MATH = YES;
				ONLY_ACTIVE_ARCH = YES;
				SDKROOT = macosx;
				SWIFT_ACTIVE_COMPILATION_CONDITIONS = "DEBUG $(inherited)";
				SWIFT_OPTIMIZATION_LEVEL = "-Onone";
			};
			name = Debug;
		};
		16E0DAE430430AAB0087199D /* Release */ = {
			isa = XCBuildConfiguration;
			buildSettings = {
				ALWAYS_SEARCH_USER_PATHS = NO;
				ASSETCATALOG_COMPILER_GENERATE_SWIFT_ASSET_SYMBOL_EXTENSIONS = YES;
				CLANG_ANALYZER_NONNULL = YES;
				CLANG_ANALYZER_NUMBER_OBJECT_CONVERSION = YES_AGGRESSIVE;
				CLANG_CXX_LANGUAGE_STANDARD = "gnu++20";
				CLANG_ENABLE_MODULES = YES;
				CLANG_ENABLE_OBJC_ARC = YES;
				CLANG_ENABLE_OBJC_WEAK = YES;
				CLANG_WARN_BLOCK_CAPTURE_AUTORELEASING = YES;
				CLANG_WARN_BOOL_CONVERSION = YES;
				CLANG_WARN_COMMA = YES;
				CLANG_WARN_CONSTANT_CONVERSION = YES;
				CLANG_WARN_DEPRECATED_OBJC_IMPLEMENTATIONS = YES;
				CLANG_WARN_DIRECT_OBJC_ISA_USAGE = YES_ERROR;
				CLANG_WARN_DOCUMENTATION_COMMENTS = YES;
				CLANG_WARN_EMPTY_BODY = YES;
				CLANG_WARN_ENUM_CONVERSION = YES;
				CLANG_WARN_INFINITE_RECURSION = YES;
				CLANG_WARN_INT_CONVERSION = YES;
				CLANG_WARN_NON_LITERAL_NULL_CONVERSION = YES;
				CLANG_WARN_OBJC_IMPLICIT_RETAIN_SELF = YES;
				CLANG_WARN_OBJC_LITERAL_CONVERSION = YES;
				CLANG_WARN_OBJC_ROOT_CLASS = YES_ERROR;
				CLANG_WARN_QUOTED_INCLUDE_IN_FRAMEWORK_HEADER = YES;
				CLANG_WARN_RANGE_LOOP_ANALYSIS = YES;
				CLANG_WARN_STRICT_PROTOTYPES = YES;
				CLANG_WARN_SUSPICIOUS_MOVE = YES;
				CLANG_WARN_UNGUARDED_AVAILABILITY = YES_AGGRESSIVE;
				CLANG_WARN_UNREACHABLE_CODE = YES;
				CLANG_WARN__DUPLICATE_METHOD_MATCH = YES;
				COPY_PHASE_STRIP = NO;
				DEBUG_INFORMATION_FORMAT = "dwarf-with-dsym";
				DEVELOPMENT_TEAM = WA29CC2SZR;
				ENABLE_NS_ASSERTIONS = NO;
				ENABLE_STRICT_OBJC_MSGSEND = YES;
				ENABLE_USER_SCRIPT_SANDBOXING = YES;
				GCC_C_LANGUAGE_STANDARD = gnu17;
				GCC_NO_COMMON_BLOCKS = YES;
				GCC_WARN_64_TO_32_BIT_CONVERSION = YES;
				GCC_WARN_ABOUT_RETURN_TYPE = YES_ERROR;
				GCC_WARN_UNDECLARED_SELECTOR = YES;
				GCC_WARN_UNINITIALIZED_AUTOS = YES_AGGRESSIVE;
				GCC_WARN_UNUSED_FUNCTION = YES;
				GCC_WARN_UNUSED_VARIABLE = YES;
				LOCALIZATION_PREFERS_STRING_CATALOGS = YES;
				MACOSX_DEPLOYMENT_TARGET = 26.5;
				MTL_ENABLE_DEBUG_INFO = NO;
				MTL_FAST_MATH = YES;
				SDKROOT = macosx;
				SWIFT_COMPILATION_MODE = wholemodule;
			};
			name = Release;
		};
		16E0DAE630430AAB0087199D /* Debug */ = {
			isa = XCBuildConfiguration;
			buildSettings = {
				ASSETCATALOG_COMPILER_APPICON_NAME = AppIcon;
				ASSETCATALOG_COMPILER_GLOBAL_ACCENT_COLOR_NAME = AccentColor;
				CODE_SIGN_ENTITLEMENTS = "Private AI/Private AI.entitlements";
				CODE_SIGN_STYLE = Automatic;
				COMBINE_HIDPI_IMAGES = YES;
				CURRENT_PROJECT_VERSION = 4;
				DEVELOPMENT_TEAM = WA29CC2SZR;
				ENABLE_APP_SANDBOX = NO;
				ENABLE_HARDENED_RUNTIME = YES;
				ENABLE_OUTGOING_NETWORK_CONNECTIONS = YES;
				ENABLE_PREVIEWS = YES;
				ENABLE_USER_SELECTED_FILES = readonly;
				GENERATE_INFOPLIST_FILE = YES;
				INFOPLIST_KEY_NSCalendarsFullAccessUsageDescription = "PrivateAI uses calendars when you ask it to inspect or manage calendar information.";
				INFOPLIST_KEY_NSContactsUsageDescription = "PrivateAI uses contacts only when you ask it to search contact information.";
				INFOPLIST_KEY_NSHumanReadableCopyright = "";
				INFOPLIST_KEY_NSLocationUsageDescription = "PrivateAI uses your location only when you ask for location-aware assistance.";
				INFOPLIST_KEY_NSRemindersFullAccessUsageDescription = "PrivateAI uses reminders when you ask it to inspect or manage reminder information.";
				LD_RUNPATH_SEARCH_PATHS = (
					"$(inherited)",
					"@executable_path/../Frameworks",
				);
				MARKETING_VERSION = 1.5;
				PRODUCT_BUNDLE_IDENTIFIER = com.jacobjiangwei.privateai;
				PRODUCT_NAME = "$(TARGET_NAME)";
				REGISTER_APP_GROUPS = YES;
				STRING_CATALOG_GENERATE_SYMBOLS = YES;
				SWIFT_APPROACHABLE_CONCURRENCY = YES;
				SWIFT_DEFAULT_ACTOR_ISOLATION = MainActor;
				SWIFT_EMIT_LOC_STRINGS = YES;
				SWIFT_UPCOMING_FEATURE_MEMBER_IMPORT_VISIBILITY = YES;
				SWIFT_VERSION = 5.0;
			};
			name = Debug;
		};
		16E0DAE730430AAB0087199D /* Release */ = {
			isa = XCBuildConfiguration;
			buildSettings = {
				ASSETCATALOG_COMPILER_APPICON_NAME = AppIcon;
				ASSETCATALOG_COMPILER_GLOBAL_ACCENT_COLOR_NAME = AccentColor;
				CODE_SIGN_ENTITLEMENTS = "Private AI/Private AI.entitlements";
				CODE_SIGN_STYLE = Automatic;
				COMBINE_HIDPI_IMAGES = YES;
				CURRENT_PROJECT_VERSION = 4;
				DEVELOPMENT_TEAM = WA29CC2SZR;
				ENABLE_APP_SANDBOX = NO;
				ENABLE_HARDENED_RUNTIME = YES;
				ENABLE_OUTGOING_NETWORK_CONNECTIONS = YES;
				ENABLE_PREVIEWS = YES;
				ENABLE_USER_SELECTED_FILES = readonly;
				GENERATE_INFOPLIST_FILE = YES;
				INFOPLIST_KEY_NSCalendarsFullAccessUsageDescription = "PrivateAI uses calendars when you ask it to inspect or manage calendar information.";
				INFOPLIST_KEY_NSContactsUsageDescription = "PrivateAI uses contacts only when you ask it to search contact information.";
				INFOPLIST_KEY_NSHumanReadableCopyright = "";
				INFOPLIST_KEY_NSLocationUsageDescription = "PrivateAI uses your location only when you ask for location-aware assistance.";
				INFOPLIST_KEY_NSRemindersFullAccessUsageDescription = "PrivateAI uses reminders when you ask it to inspect or manage reminder information.";
				LD_RUNPATH_SEARCH_PATHS = (
					"$(inherited)",
					"@executable_path/../Frameworks",
				);
				MARKETING_VERSION = 1.5;
				PRODUCT_BUNDLE_IDENTIFIER = com.jacobjiangwei.privateai;
				PRODUCT_NAME = "$(TARGET_NAME)";
				REGISTER_APP_GROUPS = YES;
				STRING_CATALOG_GENERATE_SYMBOLS = YES;
				SWIFT_APPROACHABLE_CONCURRENCY = YES;
				SWIFT_DEFAULT_ACTOR_ISOLATION = MainActor;
				SWIFT_EMIT_LOC_STRINGS = YES;
				SWIFT_UPCOMING_FEATURE_MEMBER_IMPORT_VISIBILITY = YES;
				SWIFT_VERSION = 5.0;
			};
			name = Release;
		};
		16E0DAE930430AAB0087199D /* Debug */ = {
			isa = XCBuildConfiguration;
			buildSettings = {
				BUNDLE_LOADER = "$(TEST_HOST)";
				CODE_SIGN_STYLE = Automatic;
				CURRENT_PROJECT_VERSION = 4;
				DEVELOPMENT_TEAM = WA29CC2SZR;
				GENERATE_INFOPLIST_FILE = YES;
				MACOSX_DEPLOYMENT_TARGET = 26.5;
				MARKETING_VERSION = 1.5;
				PRODUCT_BUNDLE_IDENTIFIER = "com.jacobjiangwei.Private-AITests";
				PRODUCT_NAME = "$(TARGET_NAME)";
				STRING_CATALOG_GENERATE_SYMBOLS = NO;
				SWIFT_APPROACHABLE_CONCURRENCY = YES;
				SWIFT_EMIT_LOC_STRINGS = NO;
				SWIFT_UPCOMING_FEATURE_MEMBER_IMPORT_VISIBILITY = YES;
				SWIFT_VERSION = 5.0;
				TEST_HOST = "$(BUILT_PRODUCTS_DIR)/Private AI.app/$(BUNDLE_EXECUTABLE_FOLDER_PATH)/Private AI";
			};
			name = Debug;
		};
		16E0DAEA30430AAB0087199D /* Release */ = {
			isa = XCBuildConfiguration;
			buildSettings = {
				BUNDLE_LOADER = "$(TEST_HOST)";
				CODE_SIGN_STYLE = Automatic;
				CURRENT_PROJECT_VERSION = 4;
				DEVELOPMENT_TEAM = WA29CC2SZR;
				GENERATE_INFOPLIST_FILE = YES;
				MACOSX_DEPLOYMENT_TARGET = 26.5;
				MARKETING_VERSION = 1.5;
				PRODUCT_BUNDLE_IDENTIFIER = "com.jacobjiangwei.Private-AITests";
				PRODUCT_NAME = "$(TARGET_NAME)";
				STRING_CATALOG_GENERATE_SYMBOLS = NO;
				SWIFT_APPROACHABLE_CONCURRENCY = YES;
				SWIFT_EMIT_LOC_STRINGS = NO;
				SWIFT_UPCOMING_FEATURE_MEMBER_IMPORT_VISIBILITY = YES;
				SWIFT_VERSION = 5.0;
				TEST_HOST = "$(BUILT_PRODUCTS_DIR)/Private AI.app/$(BUNDLE_EXECUTABLE_FOLDER_PATH)/Private AI";
			};
			name = Release;
		};
		16E0DAEC30430AAB0087199D /* Debug */ = {
			isa = XCBuildConfiguration;
			buildSettings = {
				CODE_SIGN_STYLE = Automatic;
				CURRENT_PROJECT_VERSION = 4;
				DEVELOPMENT_TEAM = WA29CC2SZR;
				GENERATE_INFOPLIST_FILE = YES;
				MARKETING_VERSION = 1.5;
				PRODUCT_BUNDLE_IDENTIFIER = "com.jacobjiangwei.Private-AIUITests";
				PRODUCT_NAME = "$(TARGET_NAME)";
				STRING_CATALOG_GENERATE_SYMBOLS = NO;
				SWIFT_APPROACHABLE_CONCURRENCY = YES;
				SWIFT_EMIT_LOC_STRINGS = NO;
				SWIFT_UPCOMING_FEATURE_MEMBER_IMPORT_VISIBILITY = YES;
				SWIFT_VERSION = 5.0;
				TEST_TARGET_NAME = "Private AI";
			};
			name = Debug;
		};
		16E0DAED30430AAB0087199D /* Release */ = {
			isa = XCBuildConfiguration;
			buildSettings = {
				CODE_SIGN_STYLE = Automatic;
				CURRENT_PROJECT_VERSION = 4;
				DEVELOPMENT_TEAM = WA29CC2SZR;
				GENERATE_INFOPLIST_FILE = YES;
				MARKETING_VERSION = 1.5;
				PRODUCT_BUNDLE_IDENTIFIER = "com.jacobjiangwei.Private-AIUITests";
				PRODUCT_NAME = "$(TARGET_NAME)";
				STRING_CATALOG_GENERATE_SYMBOLS = NO;
				SWIFT_APPROACHABLE_CONCURRENCY = YES;
				SWIFT_EMIT_LOC_STRINGS = NO;
				SWIFT_UPCOMING_FEATURE_MEMBER_IMPORT_VISIBILITY = YES;
				SWIFT_VERSION = 5.0;
				TEST_TARGET_NAME = "Private AI";
			};
			name = Release;
		};
		A200000D3090400100000001 /* Debug */ = {
			isa = XCBuildConfiguration;
			buildSettings = {
				CODE_SIGN_STYLE = Automatic;
				DEVELOPMENT_TEAM = WA29CC2SZR;
				ENABLE_HARDENED_RUNTIME = YES;
				MACOSX_DEPLOYMENT_TARGET = 26.5;
				PRODUCT_NAME = "$(TARGET_NAME)";
				SKIP_INSTALL = YES;
				SWIFT_APPROACHABLE_CONCURRENCY = YES;
				SWIFT_VERSION = 5.0;
			};
			name = Debug;
		};
		A200000E3090400100000001 /* Release */ = {
			isa = XCBuildConfiguration;
			buildSettings = {
				CODE_SIGN_STYLE = Automatic;
				DEVELOPMENT_TEAM = WA29CC2SZR;
				ENABLE_HARDENED_RUNTIME = YES;
				MACOSX_DEPLOYMENT_TARGET = 26.5;
				PRODUCT_NAME = "$(TARGET_NAME)";
				SKIP_INSTALL = YES;
				SWIFT_APPROACHABLE_CONCURRENCY = YES;
				SWIFT_VERSION = 5.0;
			};
			name = Release;
		};
/* End XCBuildConfiguration section */

/* Begin XCConfigurationList section */
		16E0DABD30430AAA0087199D /* Build configuration list for PBXProject "Private AI" */ = {
			isa = XCConfigurationList;
			buildConfigurations = (
				16E0DAE330430AAB0087199D /* Debug */,
				16E0DAE430430AAB0087199D /* Release */,
			);
			defaultConfigurationIsVisible = 0;
			defaultConfigurationName = Release;
		};
		16E0DAE530430AAB0087199D /* Build configuration list for PBXNativeTarget "Private AI" */ = {
			isa = XCConfigurationList;
			buildConfigurations = (
				16E0DAE630430AAB0087199D /* Debug */,
				16E0DAE730430AAB0087199D /* Release */,
			);
			defaultConfigurationIsVisible = 0;
			defaultConfigurationName = Release;
		};
		16E0DAE830430AAB0087199D /* Build configuration list for PBXNativeTarget "Private AITests" */ = {
			isa = XCConfigurationList;
			buildConfigurations = (
				16E0DAE930430AAB0087199D /* Debug */,
				16E0DAEA30430AAB0087199D /* Release */,
			);
			defaultConfigurationIsVisible = 0;
			defaultConfigurationName = Release;
		};
		16E0DAEB30430AAB0087199D /* Build configuration list for PBXNativeTarget "Private AIUITests" */ = {
			isa = XCConfigurationList;
			buildConfigurations = (
				16E0DAEC30430AAB0087199D /* Debug */,
				16E0DAED30430AAB0087199D /* Release */,
			);
			defaultConfigurationIsVisible = 0;
			defaultConfigurationName = Release;
		};
		A200000F3090400100000001 /* Build configuration list for PBXNativeTarget "PrivateAIExecutionWorker" */ = {
			isa = XCConfigurationList;
			buildConfigurations = (
				A200000D3090400100000001 /* Debug */,
				A200000E3090400100000001 /* Release */,
			);
			defaultConfigurationIsVisible = 0;
			defaultConfigurationName = Release;
		};
/* End XCConfigurationList section */

/* Begin XCLocalSwiftPackageReference section */
		A10000033050000100000001 /* XCLocalSwiftPackageReference "../Packages/LLMCore" */ = {
			isa = XCLocalSwiftPackageReference;
			relativePath = ../Packages/LLMCore;
		};
		A10000043050000100000001 /* XCLocalSwiftPackageReference "../Packages/PrivateAITools" */ = {
			isa = XCLocalSwiftPackageReference;
			relativePath = ../Packages/PrivateAITools;
		};
		A20000103090400100000001 /* XCLocalSwiftPackageReference "../Packages/ExecutionKit" */ = {
			isa = XCLocalSwiftPackageReference;
			relativePath = ../Packages/ExecutionKit;
		};
/* End XCLocalSwiftPackageReference section */

/* Begin XCSwiftPackageProductDependency section */
		A10000053050000100000001 /* LLMCore */ = {
			isa = XCSwiftPackageProductDependency;
			package = A10000033050000100000001 /* XCLocalSwiftPackageReference "../Packages/LLMCore" */;
			productName = LLMCore;
		};
		A10000063050000100000001 /* PrivateAITools */ = {
			isa = XCSwiftPackageProductDependency;
			package = A10000043050000100000001 /* XCLocalSwiftPackageReference "../Packages/PrivateAITools" */;
			productName = PrivateAITools;
		};
		A20000113090400100000001 /* ExecutionKit */ = {
			isa = XCSwiftPackageProductDependency;
			package = A20000103090400100000001 /* XCLocalSwiftPackageReference "../Packages/ExecutionKit" */;
			productName = ExecutionKit;
		};
/* End XCSwiftPackageProductDependency section */
	};
	rootObject = 16E0DABA30430AAA0087199D /* Project object */;
}
